{
  "nodes": {
    "agda-2_6_1": {
      "inputs": {
        "flake-utils": "flake-utils",
        "nixpkgs": "nixpkgs"
      },
      "locked": {
        "lastModified": 1670264275,
        "narHash": "sha256-ccxFQhKbkz4HsXUSk8JkbOU9pVFPGQcioaAqD1GUqfw=",
        "owner": "alexarice",
        "repo": "agda",
        "rev": "03f3b975b1cc5060a6283781cc4484cc8c722e31",
        "type": "github"
      },
      "original": {
        "owner": "alexarice",
        "ref": "2.6.1-flake",
        "repo": "agda",
        "type": "github"
      }
    },
    "agda-2_6_2": {
      "inputs": {
        "flake-utils": "flake-utils_2",
        "nixpkgs": "nixpkgs_2"
      },
      "locked": {
        "lastModified": 1648379345,
        "narHash": "sha256-/Hmgy3W8cdtSW0Sz4G53swAq//q6hPxW4OSG401pU08=",
        "owner": "agda",
        "repo": "agda",
        "rev": "442c76badc353d1b621243c43293106f60f7d746",
        "type": "github"
      },
      "original": {
        "owner": "agda",
        "ref": "v2.6.2.2",
        "repo": "agda",
        "type": "github"
      }
    },
    "agda-master": {
      "inputs": {
        "flake-utils": "flake-utils_3",
        "nixpkgs": "nixpkgs_3"
      },
      "locked": {
        "lastModified": 1670254727,
        "narHash": "sha256-jGjceBQvBi0zrk7m4Z+7nKRoX/EfF3/WsBbE+ncA/P0=",
        "owner": "agda",
        "repo": "agda",
        "rev": "66e6a032017832646db026fbe73ad4e4338732de",
        "type": "github"
      },
      "original": {
        "owner": "agda",
        "repo": "agda",
        "type": "github"
      }
    },
    "flake-utils": {
      "locked": {
        "lastModified": 1623875721,
        "narHash": "sha256-A8BU7bjS5GirpAUv4QA+QnJ4CceLHkcXdRp4xITDB0s=",
        "owner": "numtide",
        "repo": "flake-utils",
        "rev": "f7e004a55b120c02ecb6219596820fcd32ca8772",
        "type": "github"
      },
      "original": {
        "owner": "numtide",
        "repo": "flake-utils",
        "type": "github"
      }
    },
    "flake-utils_2": {
      "locked": {
        "lastModified": 1623875721,
        "narHash": "sha256-A8BU7bjS5GirpAUv4QA+QnJ4CceLHkcXdRp4xITDB0s=",
        "owner": "numtide",
        "repo": "flake-utils",
        "rev": "f7e004a55b120c02ecb6219596820fcd32ca8772",
        "type": "github"
      },
      "original": {
        "owner": "numtide",
        "repo": "flake-utils",
        "type": "github"
      }
    },
    "flake-utils_3": {
      "locked": {
        "lastModified": 1659877975,
        "narHash": "sha256-zllb8aq3YO3h8B/U0/J1WBgAL8EX5yWf5pMj3G0NAmc=",
        "owner": "numtide",
        "repo": "flake-utils",
        "rev": "c0e246b9b83f637f4681389ecabcb2681b4f3af0",
        "type": "github"
      },
      "original": {
        "owner": "numtide",
        "repo": "flake-utils",
        "type": "github"
      }
    },
    "flake-utils_4": {
      "locked": {
        "lastModified": 1667395993,
        "narHash": "sha256-nuEHfE/LcWyuSWnS8t12N1wc105Qtau+/OdUAjtQ0rA=",
        "owner": "numtide",
        "repo": "flake-utils",
        "rev": "5aed5285a952e0b949eb3ba02c12fa4fcfef535f",
        "type": "github"
      },
      "original": {
        "owner": "numtide",
        "repo": "flake-utils",
        "type": "github"
      }
    },
    "nixpkgs": {
      "locked": {
        "lastModified": 1628427995,
        "narHash": "sha256-Rut8HcmyPTHMDx1NoGlF2Cmqv6n+fOL5bakcsfW4KFE=",
        "owner": "NixOS",
        "repo": "nixpkgs",
        "rev": "c481b497d5c3754c50e89795c6d903dd0d130baa",
        "type": "github"
      },
      "original": {
        "id": "nixpkgs",
        "type": "indirect"
      }
    },
    "nixpkgs_2": {
      "locked": {
        "lastModified": 1628427995,
        "narHash": "sha256-Rut8HcmyPTHMDx1NoGlF2Cmqv6n+fOL5bakcsfW4KFE=",
        "owner": "NixOS",
        "repo": "nixpkgs",
        "rev": "c481b497d5c3754c50e89795c6d903dd0d130baa",
        "type": "github"
      },
      "original": {
        "id": "nixpkgs",
        "type": "indirect"
      }
    },
    "nixpkgs_3": {
      "locked": {
        "lastModified": 1663551060,
        "narHash": "sha256-e2SR4cVx9p7aW/XnVsGsWZBplApA9ZJUjc0fejJhnYo=",
        "owner": "NixOS",
        "repo": "nixpkgs",
        "rev": "8a5b9ee7b7a2b38267c9481f5c629c015108ab0d",
        "type": "github"
      },
      "original": {
        "id": "nixpkgs",
        "type": "indirect"
      }
    },
    "nixpkgs_4": {
      "locked": {
        "lastModified": 1670148586,
        "narHash": "sha256-EcDfOiTHs0UBAtyGc0wxJJdhcMjrJEgWXjJutxZGA3E=",
        "owner": "NixOS",
        "repo": "nixpkgs",
        "rev": "a2d2f70b82ada0eadbcb1df2bca32d841a3c1bf1",
        "type": "github"
      },
      "original": {
        "id": "nixpkgs",
        "type": "indirect"
      }
    },
    "root": {
      "inputs": {
        "agda-2_6_1": "agda-2_6_1",
        "agda-2_6_2": "agda-2_6_2",
        "agda-master": "agda-master",
        "flake-utils": "flake-utils_4",
        "nixpkgs": "nixpkgs_4"
      }
    }
  },
  "root": "root",
  "version": 7
}
